
Microsoft Visual Studio Solution File, Format Version 12.00
# Visual Studio Version 17
VisualStudioVersion = 17.0.32112.339
MinimumVisualStudioVersion = 10.0.40219.1
Project("{2150E333-8FDC-42A3-9474-1A3956D46DE8}") = "Solution Items", "Solution Items", "{9FAFA05D-7017-46ED-AD4C-E426777CC080}"
	ProjectSection(SolutionItems) = preProject
		README.md = README.md
	EndProjectSection
EndProject
Project("{FAE04EC0-301F-11D3-BF4B-00C04F79EFBC}") = "BdcGenerator.Client", "BdcGenerator.Client\BdcGenerator.Client.csproj", "{1D18CCAF-78BA-4AED-A71F-E15CF1940A56}"
EndProject
Project("{FAE04EC0-301F-11D3-BF4B-00C04F79EFBC}") = "BdcGenerator", "BdcGenerator\BdcGenerator.csproj", "{469F8DF6-3357-417B-9347-F1C4D57912A8}"
EndProject
Project("{2150E333-8FDC-42A3-9474-1A3956D46DE8}") = "Images", "Images", "{DF422BC8-2512-4E20-8C5C-8927CE2FE2AB}"
	ProjectSection(SolutionItems) = preProject
		Images\Install_0.png = Images\Install_0.png
		Images\State_0.png = Images\State_0.png
	EndProjectSection
EndProject
Global
	GlobalSection(SolutionConfigurationPlatforms) = preSolution
		Debug|Any CPU = Debug|Any CPU
		Release|Any CPU = Release|Any CPU
	EndGlobalSection
	GlobalSection(ProjectConfigurationPlatforms) = postSolution
		{1D18CCAF-78BA-4AED-A71F-E15CF1940A56}.Debug|Any CPU.ActiveCfg = Debug|Any CPU
		{1D18CCAF-78BA-4AED-A71F-E15CF1940A56}.Debug|Any CPU.Build.0 = Debug|Any CPU
		{1D18CCAF-78BA-4AED-A71F-E15CF1940A56}.Release|Any CPU.ActiveCfg = Release|Any CPU
		{1D18CCAF-78BA-4AED-A71F-E15CF1940A56}.Release|Any CPU.Build.0 = Release|Any CPU
		{469F8DF6-3357-417B-9347-F1C4D57912A8}.Debug|Any CPU.ActiveCfg = Debug|Any CPU
		{469F8DF6-3357-417B-9347-F1C4D57912A8}.Debug|Any CPU.Build.0 = Debug|Any CPU
		{469F8DF6-3357-417B-9347-F1C4D57912A8}.Release|Any CPU.ActiveCfg = Release|Any CPU
		{469F8DF6-3357-417B-9347-F1C4D57912A8}.Release|Any CPU.Build.0 = Release|Any CPU
	EndGlobalSection
	GlobalSection(SolutionProperties) = preSolution
		HideSolutionNode = FALSE
	EndGlobalSection
	GlobalSection(NestedProjects) = preSolution
		{DF422BC8-2512-4E20-8C5C-8927CE2FE2AB} = {9FAFA05D-7017-46ED-AD4C-E426777CC080}
	EndGlobalSection
	GlobalSection(ExtensibilityGlobals) = postSolution
		SolutionGuid = {55ADCCF1-85EA-4235-AF66-2E59E35561E2}
	EndGlobalSection
EndGlobal
